// !$*UTF8*$!
{
	archiveVersion = 1;
	classes = {
	};
	objectVersion = 46;
	objects = {

/* Begin PBXBuildFile section */
		4C7124A8198B63C100409896 /* AppDelegate.swift in Sources */ = {isa = PBXBuildFile; fileRef = 4C7124A7198B63C100409896 /* AppDelegate.swift */; };
		4C7124AA198B63C100409896 /* ViewController.swift in Sources */ = {isa = PBXBuildFile; fileRef = 4C7124A9198B63C100409896 /* ViewController.swift */; };
		4C7124AD198B63C100409896 /* Main.storyboard in Resources */ = {isa = PBXBuildFile; fileRef = 4C7124AB198B63C100409896 /* Main.storyboard */; };
		4C7124AF198B63C100409896 /* Images.xcassets in Resources */ = {isa = PBXBuildFile; fileRef = 4C7124AE198B63C100409896 /* Images.xcassets */; };
		4C7124BB198B63C100409896 /* ObjectiveCWithSwiftDemoTests.swift in Sources */ = {isa = PBXBuildFile; fileRef = 4C7124BA198B63C100409896 /* ObjectiveCWithSwiftDemoTests.swift */; };
		4C7124C6198B688F00409896 /* ObjectiveCFile.m in Sources */ = {isa = PBXBuildFile; fileRef = 4C7124C5198B688F00409896 /* ObjectiveCFile.m */; };
		4C7124CB198B6FF200409896 /* AnotherObjectiveCFile.m in Sources */ = {isa = PBXBuildFile; fileRef = 4C7124CA198B6FF200409896 /* AnotherObjectiveCFile.m */; };
/* End PBXBuildFile section */

/* Begin PBXContainerItemProxy section */
		4C7124B5198B63C100409896 /* PBXContainerItemProxy */ = {
			isa = PBXContainerItemProxy;
			containerPortal = 4C71249A198B63C000409896 /* Project object */;
			proxyType = 1;
			remoteGlobalIDString = 4C7124A1198B63C000409896;
			remoteInfo = ObjectiveCWithSwiftDemo;
		};
/* End PBXContainerItemProxy section */

/* Begin PBXFileReference section */
		4C7124A2198B63C000409896 /* ObjectiveCWithSwiftDemo.app */ = {isa = PBXFileReference; explicitFileType = wrapper.application; includeInIndex = 0; path = ObjectiveCWithSwiftDemo.app; sourceTree = BUILT_PRODUCTS_DIR; };
		4C7124A6198B63C100409896 /* Info.plist */ = {isa = PBXFileReference; lastKnownFileType = text.plist.xml; path = Info.plist; sourceTree = "<group>"; };
		4C7124A7198B63C100409896 /* AppDelegate.swift */ = {isa = PBXFileReference; lastKnownFileType = sourcecode.swift; path = AppDelegate.swift; sourceTree = "<group>"; };
		4C7124A9198B63C100409896 /* ViewController.swift */ = {isa = PBXFileReference; lastKnownFileType = sourcecode.swift; path = ViewController.swift; sourceTree = "<group>"; };
		4C7124AC198B63C100409896 /* Base */ = {isa = PBXFileReference; lastKnownFileType = file.storyboard; name = Base; path = Base.lproj/Main.storyboard; sourceTree = "<group>"; };
		4C7124AE198B63C100409896 /* Images.xcassets */ = {isa = PBXFileReference; lastKnownFileType = folder.assetcatalog; path = Images.xcassets; sourceTree = "<group>"; };
		4C7124B4198B63C100409896 /* ObjectiveCWithSwiftDemoTests.xctest */ = {isa = PBXFileReference; explicitFileType = wrapper.cfbundle; includeInIndex = 0; path = ObjectiveCWithSwiftDemoTests.xctest; sourceTree = BUILT_PRODUCTS_DIR; };
		4C7124B9198B63C100409896 /* Info.plist */ = {isa = PBXFileReference; lastKnownFileType = text.plist.xml; path = Info.plist; sourceTree = "<group>"; };
		4C7124BA198B63C100409896 /* ObjectiveCWithSwiftDemoTests.swift */ = {isa = PBXFileReference; lastKnownFileType = sourcecode.swift; path = ObjectiveCWithSwiftDemoTests.swift; sourceTree = "<group>"; };
		4C7124C4198B688E00409896 /* ObjectiveCWithSwiftDemo-Bridging-Header.h */ = {isa = PBXFileReference; lastKnownFileType = sourcecode.c.h; path = "ObjectiveCWithSwiftDemo-Bridging-Header.h"; sourceTree = "<group>"; };
		4C7124C5198B688F00409896 /* ObjectiveCFile.m */ = {isa = PBXFileReference; fileEncoding = 4; lastKnownFileType = sourcecode.c.objc; path = ObjectiveCFile.m; sourceTree = "<group>"; };
		4C7124C8198B69E400409896 /* ObjectiveCFile.h */ = {isa = PBXFileReference; lastKnownFileType = sourcecode.c.h; path = ObjectiveCFile.h; sourceTree = "<group>"; };
		4C7124C9198B6FF200409896 /* AnotherObjectiveCFile.h */ = {isa = PBXFileReference; fileEncoding = 4; lastKnownFileType = sourcecode.c.h; path = AnotherObjectiveCFile.h; sourceTree = "<group>"; };
		4C7124CA198B6FF200409896 /* AnotherObjectiveCFile.m */ = {isa = PBXFileReference; fileEncoding = 4; lastKnownFileType = sourcecode.c.objc; path = AnotherObjectiveCFile.m; sourceTree = "<group>"; };
/* End PBXFileReference section */

/* Begin PBXFrameworksBuildPhase section */
		4C71249F198B63C000409896 /* Frameworks */ = {
			isa = PBXFrameworksBuildPhase;
			buildActionMask = 2147483647;
			files = (
			);
			runOnlyForDeploymentPostprocessing = 0;
		};
		4C7124B1198B63C100409896 /* Frameworks */ = {
			isa = PBXFrameworksBuildPhase;
			buildActionMask = 2147483647;
			files = (
			);
			runOnlyForDeploymentPostprocessing = 0;
		};
/* End PBXFrameworksBuildPhase section */

/* Begin PBXGroup section */
		4C712499198B63C000409896 = {
			isa = PBXGroup;
			children = (
				4C7124A4198B63C000409896 /* ObjectiveCWithSwiftDemo */,
				4C7124B7198B63C100409896 /* ObjectiveCWithSwiftDemoTests */,
				4C7124A3198B63C000409896 /* Products */,
			);
			sourceTree = "<group>";
		};
		4C7124A3198B63C000409896 /* Products */ = {
			isa = PBXGroup;
			children = (
				4C7124A2198B63C000409896 /* ObjectiveCWithSwiftDemo.app */,
				4C7124B4198B63C100409896 /* ObjectiveCWithSwiftDemoTests.xctest */,
			);
			name = Products;
			sourceTree = "<group>";
		};
		4C7124A4198B63C000409896 /* ObjectiveCWithSwiftDemo */ = {
			isa = PBXGroup;
			children = (
				4C7124A7198B63C100409896 /* AppDelegate.swift */,
				4C7124A9198B63C100409896 /* ViewController.swift */,
				4C7124AB198B63C100409896 /* Main.storyboard */,
				4C7124AE198B63C100409896 /* Images.xcassets */,
				4C7124A5198B63C000409896 /* Supporting Files */,
				4C7124C4198B688E00409896 /* ObjectiveCWithSwiftDemo-Bridging-Header.h */,
				4C7124C8198B69E400409896 /* ObjectiveCFile.h */,
				4C7124C5198B688F00409896 /* ObjectiveCFile.m */,
				4C7124C9198B6FF200409896 /* AnotherObjectiveCFile.h */,
				4C7124CA198B6FF200409896 /* AnotherObjectiveCFile.m */,
			);
			path = ObjectiveCWithSwiftDemo;
			sourceTree = "<group>";
		};
		4C7124A5198B63C000409896 /* Supporting Files */ = {
			isa = PBXGroup;
			children = (
				4C7124A6198B63C100409896 /* Info.plist */,
			);
			name = "Supporting Files";
			sourceTree = "<group>";
		};
		4C7124B7198B63C100409896 /* ObjectiveCWithSwiftDemoTests */ = {
			isa = PBXGroup;
			children = (
				4C7124BA198B63C100409896 /* ObjectiveCWithSwiftDemoTests.swift */,
				4C7124B8198B63C100409896 /* Supporting Files */,
			);
			path = ObjectiveCWithSwiftDemoTests;
			sourceTree = "<group>";
		};
		4C7124B8198B63C100409896 /* Supporting Files */ = {
			isa = PBXGroup;
			children = (
				4C7124B9198B63C100409896 /* Info.plist */,
			);
			name = "Supporting Files";
			sourceTree = "<group>";
		};
/* End PBXGroup section */

/* Begin PBXNativeTarget section */
		4C7124A1198B63C000409896 /* ObjectiveCWithSwiftDemo */ = {
			isa = PBXNativeTarget;
			buildConfigurationList = 4C7124BE198B63C100409896 /* Build configuration list for PBXNativeTarget "ObjectiveCWithSwiftDemo" */;
			buildPhases = (
				4C71249E198B63C000409896 /* Sources */,
				4C71249F198B63C000409896 /* Frameworks */,
				4C7124A0198B63C000409896 /* Resources */,
			);
			buildRules = (
			);
			dependencies = (
			);
			name = ObjectiveCWithSwiftDemo;
			productName = ObjectiveCWithSwiftDemo;
			productReference = 4C7124A2198B63C000409896 /* ObjectiveCWithSwiftDemo.app */;
			productType = "com.apple.product-type.application";
		};
		4C7124B3198B63C100409896 /* ObjectiveCWithSwiftDemoTests */ = {
			isa = PBXNativeTarget;
			buildConfigurationList = 4C7124C1198B63C100409896 /* Build configuration list for PBXNativeTarget "ObjectiveCWithSwiftDemoTests" */;
			buildPhases = (
				4C7124B0198B63C100409896 /* Sources */,
				4C7124B1198B63C100409896 /* Frameworks */,
				4C7124B2198B63C100409896 /* Resources */,
			);
			buildRules = (
			);
			dependencies = (
				4C7124B6198B63C100409896 /* PBXTargetDependency */,
			);
			name = ObjectiveCWithSwiftDemoTests;
			productName = ObjectiveCWithSwiftDemoTests;
			productReference = 4C7124B4198B63C100409896 /* ObjectiveCWithSwiftDemoTests.xctest */;
			productType = "com.apple.product-type.bundle.unit-test";
		};
/* End PBXNativeTarget section */

/* Begin PBXProject section */
		4C71249A198B63C000409896 /* Project object */ = {
			isa = PBXProject;
			attributes = {
				LastUpgradeCheck = 0600;
				ORGANIZATIONNAME = myOrganizationName;
				TargetAttributes = {
					4C7124A1198B63C000409896 = {
						CreatedOnToolsVersion = 6.0;
					};
					4C7124B3198B63C100409896 = {
						CreatedOnToolsVersion = 6.0;
						TestTargetID = 4C7124A1198B63C000409896;
					};
				};
			};
			buildConfigurationList = 4C71249D198B63C000409896 /* Build configuration list for PBXProject "ObjectiveCWithSwiftDemo" */;
			compatibilityVersion = "Xcode 3.2";
			developmentRegion = English;
			hasScannedForEncodings = 0;
			knownRegions = (
				en,
				Base,
			);
			mainGroup = 4C712499198B63C000409896;
			productRefGroup = 4C7124A3198B63C000409896 /* Products */;
			projectDirPath = "";
			projectRoot = "";
			targets = (
				4C7124A1198B63C000409896 /* ObjectiveCWithSwiftDemo */,
				4C7124B3198B63C100409896 /* ObjectiveCWithSwiftDemoTests */,
			);
		};
/* End PBXProject section */

/* Begin PBXResourcesBuildPhase section */
		4C7124A0198B63C000409896 /* Resources */ = {
			isa = PBXResourcesBuildPhase;
			buildActionMask = 2147483647;
			files = (
				4C7124AD198B63C100409896 /* Main.storyboard in Resources */,
				4C7124AF198B63C100409896 /* Images.xcassets in Resources */,
			);
			runOnlyForDeploymentPostprocessing = 0;
		};
		4C7124B2198B63C100409896 /* Resources */ = {
			isa = PBXResourcesBuildPhase;
			buildActionMask = 2147483647;
			files = (
			);
			runOnlyForDeploymentPostprocessing = 0;
		};
/* End PBXResourcesBuildPhase section */

/* Begin PBXSourcesBuildPhase section */
		4C71249E198B63C000409896 /* Sources */ = {
			isa = PBXSourcesBuildPhase;
			buildActionMask = 2147483647;
			files = (
				4C7124C6198B688F00409896 /* ObjectiveCFile.m in Sources */,
				4C7124CB198B6FF200409896 /* AnotherObjectiveCFile.m in Sources */,
				4C7124AA198B63C100409896 /* ViewController.swift in Sources */,
				4C7124A8198B63C100409896 /* AppDelegate.swift in Sources */,
			);
			runOnlyForDeploymentPostprocessing = 0;
		};
		4C7124B0198B63C100409896 /* Sources */ = {
			isa = PBXSourcesBuildPhase;
			buildActionMask = 2147483647;
			files = (
				4C7124BB198B63C100409896 /* ObjectiveCWithSwiftDemoTests.swift in Sources */,
			);
			runOnlyForDeploymentPostprocessing = 0;
		};
/* End PBXSourcesBuildPhase section */

/* Begin PBXTargetDependency section */
		4C7124B6198B63C100409896 /* PBXTargetDependency */ = {
			isa = PBXTargetDependency;
			target = 4C7124A1198B63C000409896 /* ObjectiveCWithSwiftDemo */;
			targetProxy = 4C7124B5198B63C100409896 /* PBXContainerItemProxy */;
		};
/* End PBXTargetDependency section */

/* Begin PBXVariantGroup section */
		4C7124AB198B63C100409896 /* Main.storyboard */ = {
			isa = PBXVariantGroup;
			children = (
				4C7124AC198B63C100409896 /* Base */,
			);
			name = Main.storyboard;
			sourceTree = "<group>";
		};
/* End PBXVariantGroup section */

/* Begin XCBuildConfiguration section */
		4C7124BC198B63C100409896 /* Debug */ = {
			isa = XCBuildConfiguration;
			buildSettings = {
				ALWAYS_SEARCH_USER_PATHS = NO;
				CLANG_CXX_LANGUAGE_STANDARD = "gnu++0x";
				CLANG_CXX_LIBRARY = "libc++";
				CLANG_ENABLE_MODULES = YES;
				CLANG_ENABLE_OBJC_ARC = YES;
				CLANG_WARN_BOOL_CONVERSION = YES;
				CLANG_WARN_CONSTANT_CONVERSION = YES;
				CLANG_WARN_DIRECT_OBJC_ISA_USAGE = YES_ERROR;
				CLANG_WARN_EMPTY_BODY = YES;
				CLANG_WARN_ENUM_CONVERSION = YES;
				CLANG_WARN_INT_CONVERSION = YES;
				CLANG_WARN_OBJC_ROOT_CLASS = YES_ERROR;
				CLANG_WARN_UNREACHABLE_CODE = YES;
				CLANG_WARN__DUPLICATE_METHOD_MATCH = YES;
				"CODE_SIGN_IDENTITY[sdk=iphoneos*]" = "iPhone Developer";
				COPY_PHASE_STRIP = NO;
				ENABLE_STRICT_OBJC_MSGSEND = YES;
				GCC_C_LANGUAGE_STANDARD = gnu99;
				GCC_DYNAMIC_NO_PIC = NO;
				GCC_OPTIMIZATION_LEVEL = 0;
				GCC_PREPROCESSOR_DEFINITIONS = (
					"DEBUG=1",
					"$(inherited)",
				);
				GCC_SYMBOLS_PRIVATE_EXTERN = NO;
				GCC_WARN_64_TO_32_BIT_CONVERSION = YES;
				GCC_WARN_ABOUT_RETURN_TYPE = YES_ERROR;
				GCC_WARN_UNDECLARED_SELECTOR = YES;
				GCC_WARN_UNINITIALIZED_AUTOS = YES_AGGRESSIVE;
				GCC_WARN_UNUSED_FUNCTION = YES;
				GCC_WARN_UNUSED_VARIABLE = YES;
				IPHONEOS_DEPLOYMENT_TARGET = 8.0;
				METAL_ENABLE_DEBUG_INFO = YES;
				ONLY_ACTIVE_ARCH = YES;
				SDKROOT = iphoneos;
				SWIFT_OPTIMIZATION_LEVEL = "-Onone";
			};
			name = Debug;
		};
		4C7124BD198B63C100409896 /* Release */ = {
			isa = XCBuildConfiguration;
			buildSettings = {
				ALWAYS_SEARCH_USER_PATHS = NO;
				CLANG_CXX_LANGUAGE_STANDARD = "gnu++0x";
				CLANG_CXX_LIBRARY = "libc++";
				CLANG_ENABLE_MODULES = YES;
				CLANG_ENABLE_OBJC_ARC = YES;
				CLANG_WARN_BOOL_CONVERSION = YES;
				CLANG_WARN_CONSTANT_CONVERSION = YES;
				CLANG_WARN_DIRECT_OBJC_ISA_USAGE = YES_ERROR;
				CLANG_WARN_EMPTY_BODY = YES;
				CLANG_WARN_ENUM_CONVERSION = YES;
				CLANG_WARN_INT_CONVERSION = YES;
				CLANG_WARN_OBJC_ROOT_CLASS = YES_ERROR;
				CLANG_WARN_UNREACHABLE_CODE = YES;
				CLANG_WARN__DUPLICATE_METHOD_MATCH = YES;
				"CODE_SIGN_IDENTITY[sdk=iphoneos*]" = "iPhone Developer";
				COPY_PHASE_STRIP = YES;
				ENABLE_NS_ASSERTIONS = NO;
				ENABLE_STRICT_OBJC_MSGSEND = YES;
				GCC_C_LANGUAGE_STANDARD = gnu99;
				GCC_WARN_64_TO_32_BIT_CONVERSION = YES;
				GCC_WARN_ABOUT_RETURN_TYPE = YES_ERROR;
				GCC_WARN_UNDECLARED_SELECTOR = YES;
				GCC_WARN_UNINITIALIZED_AUTOS = YES_AGGRESSIVE;
				GCC_WARN_UNUSED_FUNCTION = YES;
				GCC_WARN_UNUSED_VARIABLE = YES;
				IPHONEOS_DEPLOYMENT_TARGET = 8.0;
				METAL_ENABLE_DEBUG_INFO = NO;
				SDKROOT = iphoneos;
				VALIDATE_PRODUCT = YES;
			};
			name = Release;
		};
		4C7124BF198B63C100409896 /* Debug */ = {
			isa = XCBuildConfiguration;
			buildSettings = {
				ASSETCATALOG_COMPILER_APPICON_NAME = AppIcon;
				ASSETCATALOG_COMPILER_LAUNCHIMAGE_NAME = LaunchImage;
				CLANG_ENABLE_MODULES = YES;
				INFOPLIST_FILE = ObjectiveCWithSwiftDemo/Info.plist;
				LD_RUNPATH_SEARCH_PATHS = "$(inherited) @executable_path/Frameworks";
				PRODUCT_NAME = "$(TARGET_NAME)";
				SWIFT_OBJC_BRIDGING_HEADER = "ObjectiveCWithSwiftDemo/ObjectiveCWithSwiftDemo-Bridging-Header.h";
				SWIFT_OPTIMIZATION_LEVEL = "-Onone";
			};
			name = Debug;
		};
		4C7124C0198B63C100409896 /* Release */ = {
			isa = XCBuildConfiguration;
			buildSettings = {
				ASSETCATALOG_COMPILER_APPICON_NAME = AppIcon;
				ASSETCATALOG_COMPILER_LAUNCHIMAGE_NAME = LaunchImage;
				CLANG_ENABLE_MODULES = YES;
				INFOPLIST_FILE = ObjectiveCWithSwiftDemo/Info.plist;
				LD_RUNPATH_SEARCH_PATHS = "$(inherited) @executable_path/Frameworks";
				PRODUCT_NAME = "$(TARGET_NAME)";
				SWIFT_OBJC_BRIDGING_HEADER = "ObjectiveCWithSwiftDemo/ObjectiveCWithSwiftDemo-Bridging-Header.h";
			};
			name = Release;
		};
		4C7124C2198B63C100409896 /* Debug */ = {
			isa = XCBuildConfiguration;
			buildSettings = {
				BUNDLE_LOADER = "$(BUILT_PRODUCTS_DIR)/ObjectiveCWithSwiftDemo.app/ObjectiveCWithSwiftDemo";
				FRAMEWORK_SEARCH_PATHS = (
					"$(SDKROOT)/Developer/Library/Frameworks",
					"$(inherited)",
				);
				GCC_PREPROCESSOR_DEFINITIONS = (
					"DEBUG=1",
					"$(inherited)",
				);
				INFOPLIST_FILE = ObjectiveCWithSwiftDemoTests/Info.plist;
				LD_RUNPATH_SEARCH_PATHS = "$(inherited) @executable_path/Frameworks @loader_path/Frameworks";
				METAL_ENABLE_DEBUG_INFO = YES;
				PRODUCT_NAME = "$(TARGET_NAME)";
				TEST_HOST = "$(BUNDLE_LOADER)";
			};
			name = Debug;
		};
		4C7124C3198B63C100409896 /* Release */ = {
			isa = XCBuildConfiguration;
			buildSettings = {
				BUNDLE_LOADER = "$(BUILT_PRODUCTS_DIR)/ObjectiveCWithSwiftDemo.app/ObjectiveCWithSwiftDemo";
				FRAMEWORK_SEARCH_PATHS = (
					"$(SDKROOT)/Developer/Library/Frameworks",
					"$(inherited)",
				);
				INFOPLIST_FILE = ObjectiveCWithSwiftDemoTests/Info.plist;
				LD_RUNPATH_SEARCH_PATHS = "$(inherited) @executable_path/Frameworks @loader_path/Frameworks";
				METAL_ENABLE_DEBUG_INFO = NO;
				PRODUCT_NAME = "$(TARGET_NAME)";
				TEST_HOST = "$(BUNDLE_LOADER)";
			};
			name = Release;
		};
/* End XCBuildConfiguration section */

/* Begin XCConfigurationList section */
		4C71249D198B63C000409896 /* Build configuration list for PBXProject "ObjectiveCWithSwiftDemo" */ = {
			isa = XCConfigurationList;
			buildConfigurations = (
				4C7124BC198B63C100409896 /* Debug */,
				4C7124BD198B63C100409896 /* Release */,
			);
			defaultConfigurationIsVisible = 0;
			defaultConfigurationName = Release;
		};
		4C7124BE198B63C100409896 /* Build configuration list for PBXNativeTarget "ObjectiveCWithSwiftDemo" */ = {
			isa = XCConfigurationList;
			buildConfigurations = (
				4C7124BF198B63C100409896 /* Debug */,
				4C7124C0198B63C100409896 /* Release */,
			);
			defaultConfigurationIsVisible = 0;
			defaultConfigurationName = Release;
		};
		4C7124C1198B63C100409896 /* Build configuration list for PBXNativeTarget "ObjectiveCWithSwiftDemoTests" */ = {
			isa = XCConfigurationList;
			buildConfigurations = (
				4C7124C2198B63C100409896 /* Debug */,
				4C7124C3198B63C100409896 /* Release */,
			);
			defaultConfigurationIsVisible = 0;
			defaultConfigurationName = Release;
		};
/* End XCConfigurationList section */
	};
	rootObject = 4C71249A198B63C000409896 /* Project object */;
}
